
Microsoft Visual Studio Solution File, Format Version 12.00
# Visual Studio Version 17
VisualStudioVersion = 17.1.32414.318
MinimumVisualStudioVersion = 10.0.40219.1
Project("{FAE04EC0-301F-11D3-BF4B-00C04F79EFBC}") = "CS_Thread", "CS_Thread\CS_Thread.csproj", "{BA73DA2E-DD75-4357-B176-DAF1D9533274}"
EndProject
Global
	GlobalSection(SolutionConfigurationPlatforms) = preSolution
		Debug|Any CPU = Debug|Any CPU
		Release|Any CPU = Release|Any CPU
	EndGlobalSection
	GlobalSection(ProjectConfigurationPlatforms) = postSolution
		{BA73DA2E-DD75-4357-B176-DAF1D9533274}.Debug|Any CPU.ActiveCfg = Debug|Any CPU
		{BA73DA2E-DD75-4357-B176-DAF1D9533274}.Debug|Any CPU.Build.0 = Debug|Any CPU
		{BA73DA2E-DD75-4357-B176-DAF1D9533274}.Release|Any CPU.ActiveCfg = Release|Any CPU
		{BA73DA2E-DD75-4357-B176-DAF1D9533274}.Release|Any CPU.Build.0 = Release|Any CPU
	EndGlobalSection
	GlobalSection(SolutionProperties) = preSolution
		HideSolutionNode = FALSE
	EndGlobalSection
	GlobalSection(ExtensibilityGlobals) = postSolution
		SolutionGuid = {33EF8709-8413-4CF5-9E7D-BE3005704DD3}
	EndGlobalSection
EndGlobal
